{
  "nodes": {
    "nix-lefthook-shellcheck": {
      "inputs": {
        "nixpkgs": [
          "nixpkgs"
        ]
      },
      "locked": {
        "lastModified": 1776405014,
        "narHash": "sha256-QodC2Hh5ilUT6JzTCyYobTBNZ+zslRARRl9mzh0VZOM=",
        "ref": "refs/heads/main",
        "rev": "14bd30d66420e717c28f0849231269d184464f4c",
        "revCount": 3,
        "type": "git",
        "url": "file:///Users/pr0d1r2/projects/nix-lefthook-shellcheck"
      },
      "original": {
        "type": "git",
        "url": "file:///Users/pr0d1r2/projects/nix-lefthook-shellcheck"
      }
    },
    "nixpkgs": {
      "locked": {
        "lastModified": 1776221942,
        "narHash": "sha256-FbQAeVNi7G4v3QCSThrSAAvzQTmrmyDLiHNPvTF2qFM=",
        "owner": "NixOS",
        "repo": "nixpkgs",
        "rev": "1766437c5509f444c1b15331e82b8b6a9b967000",
        "type": "github"
      },
      "original": {
        "owner": "NixOS",
        "ref": "nixos-25.11",
        "repo": "nixpkgs",
        "type": "github"
      }
    },
    "root": {
      "inputs": {
        "nix-lefthook-shellcheck": "nix-lefthook-shellcheck",
        "nixpkgs": "nixpkgs"
      }
    }
  },
  "root": "root",
  "version": 7
}
